
Microsoft Visual Studio Solution File, Format Version 12.00
Project("{FAE04EC0-301F-11D3-BF4B-00C04F79EFBC}") = "spaf.desktop", "src\spaf.desktop\spaf.desktop.csproj", "{51100789-6660-44FE-B93D-350EEE244BDD}"
EndProject
Project("{FAE04EC0-301F-11D3-BF4B-00C04F79EFBC}") = "spaf.desktop.core", "src\spaf.desktop.core\spaf.desktop.core.csproj", "{D617DDD5-A1CE-4C94-A38C-578D356E186D}"
EndProject
Project("{2150E333-8FDC-42A3-9474-1A3956D46DE8}") = "src", "src", "{8B35A74F-7ABF-4BAF-BBBB-B8F9879502E4}"
EndProject
Project("{2150E333-8FDC-42A3-9474-1A3956D46DE8}") = "examples", "examples", "{5BF981F1-DDD7-4CF4-B8E7-7117761A1521}"
EndProject
Project("{FAE04EC0-301F-11D3-BF4B-00C04F79EFBC}") = "spaf.desktop.example", "examples\spaf.desktop.example\spaf.desktop.example.csproj", "{9296A0DB-3477-4C46-838A-40A58A5FB421}"
EndProject
Project("{FAE04EC0-301F-11D3-BF4B-00C04F79EFBC}") = "spaf.desktop.example.mac", "examples\spaf.desktop.example.mac\spaf.desktop.example.mac.csproj", "{71B675FA-43C2-4932-9A7B-635C65A80776}"
EndProject
Project("{FAE04EC0-301F-11D3-BF4B-00C04F79EFBC}") = "icontainer.dryioc", "src\icontainer.dryioc\icontainer.dryioc.csproj", "{917DD5D1-F279-4DBC-945C-3678104DB640}"
EndProject
Project("{FAE04EC0-301F-11D3-BF4B-00C04F79EFBC}") = "spaf.desktop.macos", "src\spaf.desktop.macos\spaf.desktop.macos.csproj", "{8B1059AB-A4CF-4F63-8BEF-EEC901D8CC23}"
EndProject
Global
	GlobalSection(SolutionConfigurationPlatforms) = preSolution
		Debug|Any CPU = Debug|Any CPU
		Release|Any CPU = Release|Any CPU
	EndGlobalSection
	GlobalSection(ProjectConfigurationPlatforms) = postSolution
		{51100789-6660-44FE-B93D-350EEE244BDD}.Debug|Any CPU.ActiveCfg = Debug|Any CPU
		{51100789-6660-44FE-B93D-350EEE244BDD}.Debug|Any CPU.Build.0 = Debug|Any CPU
		{51100789-6660-44FE-B93D-350EEE244BDD}.Release|Any CPU.ActiveCfg = Release|Any CPU
		{51100789-6660-44FE-B93D-350EEE244BDD}.Release|Any CPU.Build.0 = Release|Any CPU
		{D617DDD5-A1CE-4C94-A38C-578D356E186D}.Debug|Any CPU.ActiveCfg = Debug|Any CPU
		{D617DDD5-A1CE-4C94-A38C-578D356E186D}.Debug|Any CPU.Build.0 = Debug|Any CPU
		{D617DDD5-A1CE-4C94-A38C-578D356E186D}.Release|Any CPU.ActiveCfg = Release|Any CPU
		{D617DDD5-A1CE-4C94-A38C-578D356E186D}.Release|Any CPU.Build.0 = Release|Any CPU
		{9296A0DB-3477-4C46-838A-40A58A5FB421}.Debug|Any CPU.ActiveCfg = Debug|Any CPU
		{9296A0DB-3477-4C46-838A-40A58A5FB421}.Debug|Any CPU.Build.0 = Debug|Any CPU
		{9296A0DB-3477-4C46-838A-40A58A5FB421}.Release|Any CPU.ActiveCfg = Release|Any CPU
		{9296A0DB-3477-4C46-838A-40A58A5FB421}.Release|Any CPU.Build.0 = Release|Any CPU
		{71B675FA-43C2-4932-9A7B-635C65A80776}.Debug|Any CPU.ActiveCfg = Debug|x86
		{71B675FA-43C2-4932-9A7B-635C65A80776}.Debug|Any CPU.Build.0 = Debug|x86
		{71B675FA-43C2-4932-9A7B-635C65A80776}.Release|Any CPU.ActiveCfg = Release|x86
		{71B675FA-43C2-4932-9A7B-635C65A80776}.Release|Any CPU.Build.0 = Release|x86
		{917DD5D1-F279-4DBC-945C-3678104DB640}.Debug|Any CPU.ActiveCfg = Debug|Any CPU
		{917DD5D1-F279-4DBC-945C-3678104DB640}.Debug|Any CPU.Build.0 = Debug|Any CPU
		{917DD5D1-F279-4DBC-945C-3678104DB640}.Release|Any CPU.ActiveCfg = Release|Any CPU
		{917DD5D1-F279-4DBC-945C-3678104DB640}.Release|Any CPU.Build.0 = Release|Any CPU
		{8B1059AB-A4CF-4F63-8BEF-EEC901D8CC23}.Debug|Any CPU.ActiveCfg = Debug|Any CPU
		{8B1059AB-A4CF-4F63-8BEF-EEC901D8CC23}.Debug|Any CPU.Build.0 = Debug|Any CPU
		{8B1059AB-A4CF-4F63-8BEF-EEC901D8CC23}.Release|Any CPU.ActiveCfg = Release|Any CPU
		{8B1059AB-A4CF-4F63-8BEF-EEC901D8CC23}.Release|Any CPU.Build.0 = Release|Any CPU
	EndGlobalSection
	GlobalSection(NestedProjects) = preSolution
		{51100789-6660-44FE-B93D-350EEE244BDD} = {8B35A74F-7ABF-4BAF-BBBB-B8F9879502E4}
		{D617DDD5-A1CE-4C94-A38C-578D356E186D} = {8B35A74F-7ABF-4BAF-BBBB-B8F9879502E4}
		{9296A0DB-3477-4C46-838A-40A58A5FB421} = {5BF981F1-DDD7-4CF4-B8E7-7117761A1521}
		{71B675FA-43C2-4932-9A7B-635C65A80776} = {5BF981F1-DDD7-4CF4-B8E7-7117761A1521}
		{917DD5D1-F279-4DBC-945C-3678104DB640} = {8B35A74F-7ABF-4BAF-BBBB-B8F9879502E4}
		{8B1059AB-A4CF-4F63-8BEF-EEC901D8CC23} = {8B35A74F-7ABF-4BAF-BBBB-B8F9879502E4}
	EndGlobalSection
EndGlobal
